{
  "name": "hedgehog-copywriting-workspace",
  "lockfileVersion": 3,
  "requires": true,
  "packages": {
    "": {
      "name": "hedgehog-copywriting-workspace",
      "workspaces": [
        "scripts/check-copy"
      ]
    },
    "node_modules/check-copy": {
      "resolved": "scripts/check-copy",
      "link": true
    },
    "node_modules/compromise": {
      "version": "14.16.0",
      "resolved": "https://registry.npmjs.org/compromise/-/compromise-14.16.0.tgz",
      "integrity": "sha512-4DFYl/Hl7sW4XWUDfx9S5vxqyYKpZDwwqrpXsQv5acdbVP+joKceIcIaLb0lhVWUpDBV0OnExk/o/dnYUwXnhQ==",
      "license": "MIT",
      "dependencies": {
        "efrt": "2.7.0",
        "grad-school": "0.0.5",
        "suffix-thumb": "5.0.2"
      },
      "engines": {
        "node": ">=12.0.0"
      }
    },
    "node_modules/efrt": {
      "version": "2.7.0",
      "resolved": "https://registry.npmjs.org/efrt/-/efrt-2.7.0.tgz",
      "integrity": "sha512-/RInbCy1d4P6Zdfa+TMVsf/ufZVotat5hCw3QXmWtjU+3pFEOvOQ7ibo3aIxyCJw2leIeAMjmPj+1SLJiCpdrQ==",
      "license": "MIT",
      "engines": {
        "node": ">=12.0.0"
      }
    },
    "node_modules/grad-school": {
      "version": "0.0.5",
      "resolved": "https://registry.npmjs.org/grad-school/-/grad-school-0.0.5.tgz",
      "integrity": "sha512-rXunEHF9M9EkMydTBux7+IryYXEZinRk6g8OBOGDBzo/qWJjhTxy86i5q7lQYpCLHN8Sqv1XX3OIOc7ka2gtvQ==",
      "license": "MIT",
      "engines": {
        "node": ">=8.0.0"
      }
    },
    "node_modules/suffix-thumb": {
      "version": "5.0.2",
      "resolved": "https://registry.npmjs.org/suffix-thumb/-/suffix-thumb-5.0.2.tgz",
      "integrity": "sha512-I5PWXAFKx3FYnI9a+dQMWNqTxoRt6vdBdb0O+BJ1sxXCWtSoQCusc13E58f+9p4MYx/qCnEMkD5jac6K2j3dgA==",
      "license": "MIT"
    },
    "scripts/check-copy": {
      "version": "0.1.0",
      "dependencies": {
        "compromise": "^14.16.0",
        "flesch": "^2.0.1",
        "flesch-kincaid": "^2.0.1",
        "nlcst-to-string": "^4.0.0",
        "retext": "^9.0.0",
        "retext-english": "^5.0.0",
        "retext-intensify": "^7.0.0",
        "retext-passive": "^5.0.0",
        "retext-readability": "^8.0.0",
        "retext-repeated-words": "^5.0.0",
        "retext-stringify": "^4.0.0",
        "syllable": "^5.0.1",
        "unified": "^11.0.5",
        "unist-util-visit": "^5.1.0",
        "zod": "^4.5.4"
      },
      "bin": {
        "check-copy": "index.mjs"
      }
    },
    "scripts/check-copy/node_modules/@types/nlcst": {
      "version": "2.0.3",
      "license": "MIT",
      "dependencies": {
        "@types/unist": "*"
      }
    },
    "scripts/check-copy/node_modules/@types/pluralize": {
      "version": "0.0.29",
      "license": "MIT"
    },
    "scripts/check-copy/node_modules/@types/unist": {
      "version": "3.0.3",
      "license": "MIT"
    },
    "scripts/check-copy/node_modules/array-iterate": {
      "version": "2.0.1",
      "license": "MIT",
      "funding": {
        "type": "github",
        "url": "https://github.com/sponsors/wooorm"
      }
    },
    "scripts/check-copy/node_modules/automated-readability": {
      "version": "2.0.1",
      "license": "MIT",
      "funding": {
        "type": "github",
        "url": "https://github.com/sponsors/wooorm"
      }
    },
    "scripts/check-copy/node_modules/bail": {
      "version": "2.0.2",
      "license": "MIT",
      "funding": {
        "type": "github",
        "url": "https://github.com/sponsors/wooorm"
      }
    },
    "scripts/check-copy/node_modules/coleman-liau": {
      "version": "2.0.1",
      "license": "MIT",
      "funding": {
        "type": "github",
        "url": "https://github.com/sponsors/wooorm"
      }
    },
    "scripts/check-copy/node_modules/dale-chall": {
      "version": "2.0.1",
      "license": "MIT",
      "funding": {
        "type": "github",
        "url": "https://github.com/sponsors/wooorm"
      }
    },
    "scripts/check-copy/node_modules/dale-chall-formula": {
      "version": "2.0.1",
      "license": "MIT",
      "funding": {
        "type": "github",
        "url": "https://github.com/sponsors/wooorm"
      }
    },
    "scripts/check-copy/node_modules/dequal": {
      "version": "2.0.3",
      "license": "MIT",
      "engines": {
        "node": ">=6"
      }
    },
    "scripts/check-copy/node_modules/devlop": {
      "version": "1.1.0",
      "license": "MIT",
      "dependencies": {
        "dequal": "^2.0.0"
      },
      "funding": {
        "type": "github",
        "url": "https://github.com/sponsors/wooorm"
      }
    },
    "scripts/check-copy/node_modules/extend": {
      "version": "3.0.2",
      "license": "MIT"
    },
    "scripts/check-copy/node_modules/fillers": {
      "version": "2.0.1",
      "license": "MIT",
      "funding": {
        "type": "github",
        "url": "https://github.com/sponsors/wooorm"
      }
    },
    "scripts/check-copy/node_modules/flesch": {
      "version": "2.0.1",
      "license": "MIT",
      "funding": {
        "type": "github",
        "url": "https://github.com/sponsors/wooorm"
      }
    },
    "scripts/check-copy/node_modules/flesch-kincaid": {
      "version": "2.0.1",
      "license": "MIT",
      "funding": {
        "type": "github",
        "url": "https://github.com/sponsors/wooorm"
      }
    },
    "scripts/check-copy/node_modules/gunning-fog": {
      "version": "2.0.1",
      "license": "MIT",
      "funding": {
        "type": "github",
        "url": "https://github.com/sponsors/wooorm"
      }
    },
    "scripts/check-copy/node_modules/hedges": {
      "version": "2.0.1",
      "license": "MIT",
      "funding": {
        "type": "github",
        "url": "https://github.com/sponsors/wooorm"
      }
    },
    "scripts/check-copy/node_modules/is-plain-obj": {
      "version": "4.1.0",
      "license": "MIT",
      "engines": {
        "node": ">=12"
      },
      "funding": {
        "url": "https://github.com/sponsors/sindresorhus"
      }
    },
    "scripts/check-copy/node_modules/nlcst-is-literal": {
      "version": "3.0.0",
      "license": "MIT",
      "dependencies": {
        "@types/nlcst": "^2.0.0",
        "@types/unist": "^3.0.0",
        "nlcst-to-string": "^4.0.0"
      },
      "funding": {
        "type": "opencollective",
        "url": "https://opencollective.com/unified"
      }
    },
    "scripts/check-copy/node_modules/nlcst-normalize": {
      "version": "4.0.0",
      "license": "MIT",
      "dependencies": {
        "@types/nlcst": "^2.0.0",
        "nlcst-to-string": "^4.0.0"
      },
      "funding": {
        "type": "opencollective",
        "url": "https://opencollective.com/unified"
      }
    },
    "scripts/check-copy/node_modules/nlcst-search": {
      "version": "4.0.0",
      "license": "MIT",
      "dependencies": {
        "@types/nlcst": "^2.0.0",
        "nlcst-is-literal": "^3.0.0",
        "nlcst-normalize": "^4.0.0",
        "unist-util-visit": "^5.0.0"
      },
      "funding": {
        "type": "opencollective",
        "url": "https://opencollective.com/unified"
      }
    },
    "scripts/check-copy/node_modules/nlcst-to-string": {
      "version": "4.0.0",
      "license": "MIT",
      "dependencies": {
        "@types/nlcst": "^2.0.0"
      },
      "funding": {
        "type": "opencollective",
        "url": "https://opencollective.com/unified"
      }
    },
    "scripts/check-copy/node_modules/normalize-strings": {
      "version": "1.1.1",
      "license": "MIT"
    },
    "scripts/check-copy/node_modules/parse-english": {
      "version": "7.0.0",
      "license": "MIT",
      "dependencies": {
        "@types/nlcst": "^2.0.0",
        "nlcst-to-string": "^4.0.0",
        "parse-latin": "^7.0.0",
        "unist-util-modify-children": "^4.0.0",
        "unist-util-visit-children": "^3.0.0"
      },
      "funding": {
        "type": "github",
        "url": "https://github.com/sponsors/wooorm"
      }
    },
    "scripts/check-copy/node_modules/parse-latin": {
      "version": "7.0.0",
      "license": "MIT",
      "dependencies": {
        "@types/nlcst": "^2.0.0",
        "@types/unist": "^3.0.0",
        "nlcst-to-string": "^4.0.0",
        "unist-util-modify-children": "^4.0.0",
        "unist-util-visit-children": "^3.0.0",
        "vfile": "^6.0.0"
      },
      "funding": {
        "type": "github",
        "url": "https://github.com/sponsors/wooorm"
      }
    },
    "scripts/check-copy/node_modules/pluralize": {
      "version": "8.0.0",
      "license": "MIT",
      "engines": {
        "node": ">=4"
      }
    },
    "scripts/check-copy/node_modules/quotation": {
      "version": "2.0.3",
      "license": "MIT",
      "funding": {
        "type": "github",
        "url": "https://github.com/sponsors/wooorm"
      }
    },
    "scripts/check-copy/node_modules/retext": {
      "version": "9.0.0",
      "license": "MIT",
      "dependencies": {
        "@types/nlcst": "^2.0.0",
        "retext-latin": "^4.0.0",
        "retext-stringify": "^4.0.0",
        "unified": "^11.0.0"
      },
      "funding": {
        "type": "opencollective",
        "url": "https://opencollective.com/unified"
      }
    },
    "scripts/check-copy/node_modules/retext-english": {
      "version": "5.0.0",
      "license": "MIT",
      "dependencies": {
        "@types/nlcst": "^2.0.0",
        "parse-english": "^7.0.0",
        "unified": "^11.0.0"
      },
      "funding": {
        "type": "opencollective",
        "url": "https://opencollective.com/unified"
      }
    },
    "scripts/check-copy/node_modules/retext-intensify": {
      "version": "7.0.0",
      "license": "MIT",
      "dependencies": {
        "@types/nlcst": "^2.0.0",
        "fillers": "^2.0.0",
        "hedges": "^2.0.0",
        "nlcst-search": "^4.0.0",
        "nlcst-to-string": "^4.0.0",
        "quotation": "^2.0.0",
        "unist-util-position": "^5.0.0",
        "vfile": "^6.0.1",
        "weasels": "^2.0.0"
      },
      "funding": {
        "type": "opencollective",
        "url": "https://opencollective.com/unified"
      }
    },
    "scripts/check-copy/node_modules/retext-latin": {
      "version": "4.0.0",
      "license": "MIT",
      "dependencies": {
        "@types/nlcst": "^2.0.0",
        "parse-latin": "^7.0.0",
        "unified": "^11.0.0"
      },
      "funding": {
        "type": "opencollective",
        "url": "https://opencollective.com/unified"
      }
    },
    "scripts/check-copy/node_modules/retext-passive": {
      "version": "5.0.0",
      "license": "MIT",
      "dependencies": {
        "@types/nlcst": "^2.0.0",
        "nlcst-search": "^4.0.0",
        "nlcst-to-string": "^4.0.0",
        "unist-util-find-before": "^4.0.0",
        "unist-util-position": "^5.0.0",
        "vfile": "^6.0.0"
      },
      "funding": {
        "type": "opencollective",
        "url": "https://opencollective.com/unified"
      }
    },
    "scripts/check-copy/node_modules/retext-readability": {
      "version": "8.0.0",
      "license": "MIT",
      "dependencies": {
        "@types/nlcst": "^2.0.0",
        "automated-readability": "^2.0.0",
        "coleman-liau": "^2.0.0",
        "dale-chall": "^2.0.0",
        "dale-chall-formula": "^2.0.0",
        "flesch": "^2.0.0",
        "gunning-fog": "^2.0.0",
        "nlcst-to-string": "^4.0.0",
        "smog-formula": "^2.0.0",
        "spache": "^2.0.0",
        "spache-formula": "^2.0.0",
        "syllable": "^5.0.0",
        "unist-util-visit": "^5.0.0",
        "vfile": "^6.0.0"
      },
      "funding": {
        "type": "opencollective",
        "url": "https://opencollective.com/unified"
      }
    },
    "scripts/check-copy/node_modules/retext-repeated-words": {
      "version": "5.0.0",
      "license": "MIT",
      "dependencies": {
        "@types/nlcst": "^2.0.0",
        "nlcst-to-string": "^4.0.0",
        "unist-util-position": "^5.0.0",
        "unist-util-visit": "^5.0.0",
        "vfile": "^6.0.0"
      },
      "funding": {
        "type": "opencollective",
        "url": "https://opencollective.com/unified"
      }
    },
    "scripts/check-copy/node_modules/retext-stringify": {
      "version": "4.0.0",
      "license": "MIT",
      "dependencies": {
        "@types/nlcst": "^2.0.0",
        "nlcst-to-string": "^4.0.0",
        "unified": "^11.0.0"
      },
      "funding": {
        "type": "opencollective",
        "url": "https://opencollective.com/unified"
      }
    },
    "scripts/check-copy/node_modules/smog-formula": {
      "version": "2.0.1",
      "license": "MIT",
      "funding": {
        "type": "github",
        "url": "https://github.com/sponsors/wooorm"
      }
    },
    "scripts/check-copy/node_modules/spache": {
      "version": "2.0.1",
      "license": "MIT",
      "funding": {
        "type": "github",
        "url": "https://github.com/sponsors/wooorm"
      }
    },
    "scripts/check-copy/node_modules/spache-formula": {
      "version": "2.0.1",
      "license": "MIT",
      "funding": {
        "type": "github",
        "url": "https://github.com/sponsors/wooorm"
      }
    },
    "scripts/check-copy/node_modules/syllable": {
      "version": "5.0.1",
      "license": "MIT",
      "dependencies": {
        "@types/pluralize": "^0.0.29",
        "normalize-strings": "^1.1.0",
        "pluralize": "^8.0.0"
      },
      "bin": {
        "syllable": "cli.js"
      },
      "funding": {
        "type": "github",
        "url": "https://github.com/sponsors/wooorm"
      }
    },
    "scripts/check-copy/node_modules/trough": {
      "version": "2.2.0",
      "license": "MIT",
      "funding": {
        "type": "github",
        "url": "https://github.com/sponsors/wooorm"
      }
    },
    "scripts/check-copy/node_modules/unified": {
      "version": "11.0.5",
      "license": "MIT",
      "dependencies": {
        "@types/unist": "^3.0.0",
        "bail": "^2.0.0",
        "devlop": "^1.0.0",
        "extend": "^3.0.0",
        "is-plain-obj": "^4.0.0",
        "trough": "^2.0.0",
        "vfile": "^6.0.0"
      },
      "funding": {
        "type": "opencollective",
        "url": "https://opencollective.com/unified"
      }
    },
    "scripts/check-copy/node_modules/unist-util-find-before": {
      "version": "4.0.1",
      "license": "MIT",
      "dependencies": {
        "@types/unist": "^3.0.0",
        "unist-util-is": "^6.0.0"
      },
      "funding": {
        "type": "opencollective",
        "url": "https://opencollective.com/unified"
      }
    },
    "scripts/check-copy/node_modules/unist-util-is": {
      "version": "6.0.1",
      "license": "MIT",
      "dependencies": {
        "@types/unist": "^3.0.0"
      },
      "funding": {
        "type": "opencollective",
        "url": "https://opencollective.com/unified"
      }
    },
    "scripts/check-copy/node_modules/unist-util-modify-children": {
      "version": "4.0.0",
      "license": "MIT",
      "dependencies": {
        "@types/unist": "^3.0.0",
        "array-iterate": "^2.0.0"
      },
      "funding": {
        "type": "opencollective",
        "url": "https://opencollective.com/unified"
      }
    },
    "scripts/check-copy/node_modules/unist-util-position": {
      "version": "5.0.0",
      "license": "MIT",
      "dependencies": {
        "@types/unist": "^3.0.0"
      },
      "funding": {
        "type": "opencollective",
        "url": "https://opencollective.com/unified"
      }
    },
    "scripts/check-copy/node_modules/unist-util-stringify-position": {
      "version": "4.0.0",
      "license": "MIT",
      "dependencies": {
        "@types/unist": "^3.0.0"
      },
      "funding": {
        "type": "opencollective",
        "url": "https://opencollective.com/unified"
      }
    },
    "scripts/check-copy/node_modules/unist-util-visit": {
      "version": "5.1.0",
      "license": "MIT",
      "dependencies": {
        "@types/unist": "^3.0.0",
        "unist-util-is": "^6.0.0",
        "unist-util-visit-parents": "^6.0.0"
      },
      "funding": {
        "type": "opencollective",
        "url": "https://opencollective.com/unified"
      }
    },
    "scripts/check-copy/node_modules/unist-util-visit-children": {
      "version": "3.0.0",
      "license": "MIT",
      "dependencies": {
        "@types/unist": "^3.0.0"
      },
      "funding": {
        "type": "opencollective",
        "url": "https://opencollective.com/unified"
      }
    },
    "scripts/check-copy/node_modules/unist-util-visit-parents": {
      "version": "6.0.2",
      "license": "MIT",
      "dependencies": {
        "@types/unist": "^3.0.0",
        "unist-util-is": "^6.0.0"
      },
      "funding": {
        "type": "opencollective",
        "url": "https://opencollective.com/unified"
      }
    },
    "scripts/check-copy/node_modules/vfile": {
      "version": "6.0.3",
      "license": "MIT",
      "dependencies": {
        "@types/unist": "^3.0.0",
        "vfile-message": "^4.0.0"
      },
      "funding": {
        "type": "opencollective",
        "url": "https://opencollective.com/unified"
      }
    },
    "scripts/check-copy/node_modules/vfile-message": {
      "version": "4.0.3",
      "license": "MIT",
      "dependencies": {
        "@types/unist": "^3.0.0",
        "unist-util-stringify-position": "^4.0.0"
      },
      "funding": {
        "type": "opencollective",
        "url": "https://opencollective.com/unified"
      }
    },
    "scripts/check-copy/node_modules/weasels": {
      "version": "2.0.1",
      "license": "MIT",
      "funding": {
        "type": "github",
        "url": "https://github.com/sponsors/wooorm"
      }
    },
    "scripts/check-copy/node_modules/zod": {
      "version": "4.5.4",
      "license": "MIT",
      "funding": {
        "url": "https://github.com/sponsors/colinhacks"
      }
    }
  }
}
